// !$*UTF8*$!
{
	archiveVersion = 1;
	classes = {
	};
	objectVersion = 51;
	objects = {

/* Begin PBXBuildFile section */
		A80F8B7E23AFDE5A000C36C3 /* ChooseThemeViewController.swift in Sources */ = {isa = PBXBuildFile; fileRef = A80F8B7D23AFDE5A000C36C3 /* ChooseThemeViewController.swift */; };
		A810DB1323E5312700F1E109 /* StudentCustomTableViewCell.swift in Sources */ = {isa = PBXBuildFile; fileRef = A810DB1223E5312600F1E109 /* StudentCustomTableViewCell.swift */; };
		A8123CD023C9E20100EBC986 /* PrepareForTestViewController.swift in Sources */ = {isa = PBXBuildFile; fileRef = A8123CCF23C9E20100EBC986 /* PrepareForTestViewController.swift */; };
		A812745B2434AD4F00114B12 /* TextField.swift in Sources */ = {isa = PBXBuildFile; fileRef = A812745A2434AD4F00114B12 /* TextField.swift */; };
		A812745D2434AE1600114B12 /* Segues.swift in Sources */ = {isa = PBXBuildFile; fileRef = A812745C2434AE1600114B12 /* Segues.swift */; };
		A812745F2434B3D600114B12 /* AlertController.swift in Sources */ = {isa = PBXBuildFile; fileRef = A812745E2434B3D600114B12 /* AlertController.swift */; };
		A81274612434B69E00114B12 /* NSStringText.swift in Sources */ = {isa = PBXBuildFile; fileRef = A81274602434B69E00114B12 /* NSStringText.swift */; };
		A81274632434B8B000114B12 /* Fonts.swift in Sources */ = {isa = PBXBuildFile; fileRef = A81274622434B8B000114B12 /* Fonts.swift */; };
		A81274672434C05200114B12 /* WorkSource.swift in Sources */ = {isa = PBXBuildFile; fileRef = A81274662434C05200114B12 /* WorkSource.swift */; };
		A8204A3F23C89A0900FA70DF /* TestViewController.swift in Sources */ = {isa = PBXBuildFile; fileRef = A8204A3E23C89A0900FA70DF /* TestViewController.swift */; };
		A8212F0323AE206E003B9121 /* Main.storyboard in Resources */ = {isa = PBXBuildFile; fileRef = A8212F0123AE206E003B9121 /* Main.storyboard */; };
		A828E0B623C831E3009739F2 /* Montserrat-Bold.ttf in Resources */ = {isa = PBXBuildFile; fileRef = A828E0B523C831E2009739F2 /* Montserrat-Bold.ttf */; };
		A82AD0B423CD9EFC00507EEC /* TestResultViewController.swift in Sources */ = {isa = PBXBuildFile; fileRef = A82AD0B323CD9EFC00507EEC /* TestResultViewController.swift */; };
		A832E48123C6272C00DD26A3 /* RegistrationViewController.swift in Sources */ = {isa = PBXBuildFile; fileRef = A832E48023C6272C00DD26A3 /* RegistrationViewController.swift */; };
		A832E48323C6364F00DD26A3 /* Design.swift in Sources */ = {isa = PBXBuildFile; fileRef = A832E48223C6364F00DD26A3 /* Design.swift */; };
		A8593F2324389EF30038E750 /* AdminPanelViewControllerExtensions.swift in Sources */ = {isa = PBXBuildFile; fileRef = A8593F2224389EF30038E750 /* AdminPanelViewControllerExtensions.swift */; };
		A86B15CB23BA34530075E19A /* GoogleService-Info.plist in Resources */ = {isa = PBXBuildFile; fileRef = A86B15CA23BA34530075E19A /* GoogleService-Info.plist */; };
		A874FF9223C712DA00F66D6C /* SF-Pro-Display-Regular.otf in Resources */ = {isa = PBXBuildFile; fileRef = A874FF9123C712DA00F66D6C /* SF-Pro-Display-Regular.otf */; };
		A88B030A240E3AC20016AA01 /* Coloumn.rcproject in Sources */ = {isa = PBXBuildFile; fileRef = A88B0309240E3AC20016AA01 /* Coloumn.rcproject */; };
		A890505B23AD340F004D8915 /* AppDelegate.swift in Sources */ = {isa = PBXBuildFile; fileRef = A890505A23AD340F004D8915 /* AppDelegate.swift */; };
		A890505D23AD340F004D8915 /* ARDemoViewController.swift in Sources */ = {isa = PBXBuildFile; fileRef = A890505C23AD340F004D8915 /* ARDemoViewController.swift */; };
		A890506423AD3412004D8915 /* Assets.xcassets in Resources */ = {isa = PBXBuildFile; fileRef = A890506323AD3412004D8915 /* Assets.xcassets */; };
		A890506723AD3412004D8915 /* LaunchScreen.storyboard in Resources */ = {isa = PBXBuildFile; fileRef = A890506523AD3412004D8915 /* LaunchScreen.storyboard */; };
		A8A9283323D732C1002D167F /* RadioButtons.swift in Sources */ = {isa = PBXBuildFile; fileRef = A8A9283223D732C1002D167F /* RadioButtons.swift */; };
		A8C1557923BDBAFC000B8093 /* AdminPanelViewController.swift in Sources */ = {isa = PBXBuildFile; fileRef = A8C1557823BDBAFC000B8093 /* AdminPanelViewController.swift */; };
		A8C62F4F23B6261D0098F892 /* Montserrat-ExtraBold.ttf in Resources */ = {isa = PBXBuildFile; fileRef = A8C62F4E23B6261D0098F892 /* Montserrat-ExtraBold.ttf */; };
		A8C62F5123B7C5CC0098F892 /* SF-Pro-Display-Light.otf in Resources */ = {isa = PBXBuildFile; fileRef = A8C62F5023B7C5CC0098F892 /* SF-Pro-Display-Light.otf */; };
		A8CDA3B82439EE5F006A9A59 /* ARHeatExchanger.swift in Sources */ = {isa = PBXBuildFile; fileRef = A8CDA3B72439EE5F006A9A59 /* ARHeatExchanger.swift */; };
		A8CDA3BA2439EF50006A9A59 /* HeatExchanger.rcproject in Sources */ = {isa = PBXBuildFile; fileRef = A8CDA3B92439EF4F006A9A59 /* HeatExchanger.rcproject */; };
		A8CDA3BC243A010E006A9A59 /* ThemeManager.swift in Sources */ = {isa = PBXBuildFile; fileRef = A8CDA3BB243A010E006A9A59 /* ThemeManager.swift */; };
		A8E51DD5240EC4A00097F639 /* ChooseModeViewController.swift in Sources */ = {isa = PBXBuildFile; fileRef = A8E51DD4240EC49F0097F639 /* ChooseModeViewController.swift */; };
		A8E51DD7240EC4C20097F639 /* AuthorizationViewController.swift in Sources */ = {isa = PBXBuildFile; fileRef = A8E51DD6240EC4C20097F639 /* AuthorizationViewController.swift */; };
		A8E51DD9240EC5400097F639 /* FirebaseManager.swift in Sources */ = {isa = PBXBuildFile; fileRef = A8E51DD8240EC53F0097F639 /* FirebaseManager.swift */; };
		A8E51DDB241003350097F639 /* TheoryViewController.swift in Sources */ = {isa = PBXBuildFile; fileRef = A8E51DDA241003350097F639 /* TheoryViewController.swift */; };
		A8E5DF9B23BA5E4C00F67CCC /* UserModel.swift in Sources */ = {isa = PBXBuildFile; fileRef = A8E5DF9A23BA5E4C00F67CCC /* UserModel.swift */; };
		A8F1E60123D48B18004FCC41 /* .gitignore in Resources */ = {isa = PBXBuildFile; fileRef = A8F1E60023D48B18004FCC41 /* .gitignore */; };
/* End PBXBuildFile section */

/* Begin PBXFileReference section */
		4D8D8C04968C895F391610E3 /* Pods_Virtual_LAB.framework */ = {isa = PBXFileReference; explicitFileType = wrapper.framework; includeInIndex = 0; path = Pods_Virtual_LAB.framework; sourceTree = BUILT_PRODUCTS_DIR; };
		A80F8B7D23AFDE5A000C36C3 /* ChooseThemeViewController.swift */ = {isa = PBXFileReference; lastKnownFileType = sourcecode.swift; path = ChooseThemeViewController.swift; sourceTree = "<group>"; };
		A810DB1223E5312600F1E109 /* StudentCustomTableViewCell.swift */ = {isa = PBXFileReference; lastKnownFileType = sourcecode.swift; path = StudentCustomTableViewCell.swift; sourceTree = "<group>"; };
		A8123CCF23C9E20100EBC986 /* PrepareForTestViewController.swift */ = {isa = PBXFileReference; lastKnownFileType = sourcecode.swift; path = PrepareForTestViewController.swift; sourceTree = "<group>"; };
		A812745A2434AD4F00114B12 /* TextField.swift */ = {isa = PBXFileReference; lastKnownFileType = sourcecode.swift; path = TextField.swift; sourceTree = "<group>"; };
		A812745C2434AE1600114B12 /* Segues.swift */ = {isa = PBXFileReference; lastKnownFileType = sourcecode.swift; path = Segues.swift; sourceTree = "<group>"; };
		A812745E2434B3D600114B12 /* AlertController.swift */ = {isa = PBXFileReference; lastKnownFileType = sourcecode.swift; path = AlertController.swift; sourceTree = "<group>"; };
		A81274602434B69E00114B12 /* NSStringText.swift */ = {isa = PBXFileReference; lastKnownFileType = sourcecode.swift; path = NSStringText.swift; sourceTree = "<group>"; };
		A81274622434B8B000114B12 /* Fonts.swift */ = {isa = PBXFileReference; lastKnownFileType = sourcecode.swift; path = Fonts.swift; sourceTree = "<group>"; };
		A81274662434C05200114B12 /* WorkSource.swift */ = {isa = PBXFileReference; lastKnownFileType = sourcecode.swift; name = WorkSource.swift; path = "/Users/alexandr/Documents/Научка/Virtual LAB/Virtual LAB/WorkSource.swift"; sourceTree = "<absolute>"; };
		A8204A3E23C89A0900FA70DF /* TestViewController.swift */ = {isa = PBXFileReference; lastKnownFileType = sourcecode.swift; path = TestViewController.swift; sourceTree = "<group>"; };
		A8212F0223AE206E003B9121 /* Base */ = {isa = PBXFileReference; lastKnownFileType = file.storyboard; name = Base; path = Base.lproj/Main.storyboard; sourceTree = "<group>"; };
		A828E0B523C831E2009739F2 /* Montserrat-Bold.ttf */ = {isa = PBXFileReference; lastKnownFileType = file; path = "Montserrat-Bold.ttf"; sourceTree = "<group>"; };
		A82AD0B323CD9EFC00507EEC /* TestResultViewController.swift */ = {isa = PBXFileReference; lastKnownFileType = sourcecode.swift; path = TestResultViewController.swift; sourceTree = "<group>"; };
		A832E48023C6272C00DD26A3 /* RegistrationViewController.swift */ = {isa = PBXFileReference; fileEncoding = 4; lastKnownFileType = sourcecode.swift; path = RegistrationViewController.swift; sourceTree = "<group>"; };
		A832E48223C6364F00DD26A3 /* Design.swift */ = {isa = PBXFileReference; lastKnownFileType = sourcecode.swift; path = Design.swift; sourceTree = "<group>"; };
		A8593F2224389EF30038E750 /* AdminPanelViewControllerExtensions.swift */ = {isa = PBXFileReference; lastKnownFileType = sourcecode.swift; path = AdminPanelViewControllerExtensions.swift; sourceTree = "<group>"; };
		A869058223E5D5670051D148 /* FBLPromises.framework */ = {isa = PBXFileReference; explicitFileType = wrapper.framework; path = FBLPromises.framework; sourceTree = BUILT_PRODUCTS_DIR; };
		A869058523E5D58F0051D148 /* FBLPromises.framework */ = {isa = PBXFileReference; explicitFileType = wrapper.framework; path = FBLPromises.framework; sourceTree = BUILT_PRODUCTS_DIR; };
		A86B15CA23BA34530075E19A /* GoogleService-Info.plist */ = {isa = PBXFileReference; fileEncoding = 4; lastKnownFileType = text.plist.xml; path = "GoogleService-Info.plist"; sourceTree = "<group>"; };
		A874FF9123C712DA00F66D6C /* SF-Pro-Display-Regular.otf */ = {isa = PBXFileReference; lastKnownFileType = file; path = "SF-Pro-Display-Regular.otf"; sourceTree = "<group>"; };
		A88B0309240E3AC20016AA01 /* Coloumn.rcproject */ = {isa = PBXFileReference; lastKnownFileType = file.rcproject; path = Coloumn.rcproject; sourceTree = "<group>"; };
		A890505723AD340F004D8915 /* Virtual LAB.app */ = {isa = PBXFileReference; explicitFileType = wrapper.application; includeInIndex = 0; path = "Virtual LAB.app"; sourceTree = BUILT_PRODUCTS_DIR; };
		A890505A23AD340F004D8915 /* AppDelegate.swift */ = {isa = PBXFileReference; lastKnownFileType = sourcecode.swift; path = AppDelegate.swift; sourceTree = "<group>"; };
		A890505C23AD340F004D8915 /* ARDemoViewController.swift */ = {isa = PBXFileReference; lastKnownFileType = sourcecode.swift; path = ARDemoViewController.swift; sourceTree = "<group>"; };
		A890506323AD3412004D8915 /* Assets.xcassets */ = {isa = PBXFileReference; lastKnownFileType = folder.assetcatalog; path = Assets.xcassets; sourceTree = "<group>"; };
		A890506623AD3412004D8915 /* Base */ = {isa = PBXFileReference; lastKnownFileType = file.storyboard; name = Base; path = Base.lproj/LaunchScreen.storyboard; sourceTree = "<group>"; };
		A890506823AD3412004D8915 /* Info.plist */ = {isa = PBXFileReference; lastKnownFileType = text.plist.xml; path = Info.plist; sourceTree = "<group>"; };
		A8A9283223D732C1002D167F /* RadioButtons.swift */ = {isa = PBXFileReference; lastKnownFileType = sourcecode.swift; path = RadioButtons.swift; sourceTree = "<group>"; };
		A8C1557823BDBAFC000B8093 /* AdminPanelViewController.swift */ = {isa = PBXFileReference; lastKnownFileType = sourcecode.swift; path = AdminPanelViewController.swift; sourceTree = "<group>"; };
		A8C62F4E23B6261D0098F892 /* Montserrat-ExtraBold.ttf */ = {isa = PBXFileReference; lastKnownFileType = file; path = "Montserrat-ExtraBold.ttf"; sourceTree = "<group>"; };
		A8C62F5023B7C5CC0098F892 /* SF-Pro-Display-Light.otf */ = {isa = PBXFileReference; lastKnownFileType = file; path = "SF-Pro-Display-Light.otf"; sourceTree = "<group>"; };
		A8CDA3B72439EE5F006A9A59 /* ARHeatExchanger.swift */ = {isa = PBXFileReference; lastKnownFileType = sourcecode.swift; path = ARHeatExchanger.swift; sourceTree = "<group>"; };
		A8CDA3B92439EF4F006A9A59 /* HeatExchanger.rcproject */ = {isa = PBXFileReference; lastKnownFileType = file.rcproject; path = HeatExchanger.rcproject; sourceTree = "<group>"; };
		A8CDA3BB243A010E006A9A59 /* ThemeManager.swift */ = {isa = PBXFileReference; lastKnownFileType = sourcecode.swift; path = ThemeManager.swift; sourceTree = "<group>"; };
		A8E51DD4240EC49F0097F639 /* ChooseModeViewController.swift */ = {isa = PBXFileReference; fileEncoding = 4; lastKnownFileType = sourcecode.swift; path = ChooseModeViewController.swift; sourceTree = "<group>"; };
		A8E51DD6240EC4C20097F639 /* AuthorizationViewController.swift */ = {isa = PBXFileReference; fileEncoding = 4; lastKnownFileType = sourcecode.swift; path = AuthorizationViewController.swift; sourceTree = "<group>"; };
		A8E51DD8240EC53F0097F639 /* FirebaseManager.swift */ = {isa = PBXFileReference; fileEncoding = 4; lastKnownFileType = sourcecode.swift; path = FirebaseManager.swift; sourceTree = "<group>"; };
		A8E51DDA241003350097F639 /* TheoryViewController.swift */ = {isa = PBXFileReference; lastKnownFileType = sourcecode.swift; path = TheoryViewController.swift; sourceTree = "<group>"; };
		A8E5DF9A23BA5E4C00F67CCC /* UserModel.swift */ = {isa = PBXFileReference; lastKnownFileType = sourcecode.swift; path = UserModel.swift; sourceTree = "<group>"; };
		A8F1E60023D48B18004FCC41 /* .gitignore */ = {isa = PBXFileReference; fileEncoding = 4; lastKnownFileType = text; path = .gitignore; sourceTree = SOURCE_ROOT; };
		BB29B9964C24BD31C7693A4F /* Pods_Virtual_LAB.framework */ = {isa = PBXFileReference; explicitFileType = wrapper.framework; includeInIndex = 0; path = Pods_Virtual_LAB.framework; sourceTree = BUILT_PRODUCTS_DIR; };
		BB87393DDA31F732DE032152 /* Pods-Virtual LAB.release.xcconfig */ = {isa = PBXFileReference; includeInIndex = 1; lastKnownFileType = text.xcconfig; name = "Pods-Virtual LAB.release.xcconfig"; path = "Target Support Files/Pods-Virtual LAB/Pods-Virtual LAB.release.xcconfig"; sourceTree = "<group>"; };
		C462EBEBA5A33A81302EB169 /* Pods-Virtual LAB.debug.xcconfig */ = {isa = PBXFileReference; includeInIndex = 1; lastKnownFileType = text.xcconfig; name = "Pods-Virtual LAB.debug.xcconfig"; path = "Target Support Files/Pods-Virtual LAB/Pods-Virtual LAB.debug.xcconfig"; sourceTree = "<group>"; };
/* End PBXFileReference section */

/* Begin PBXFrameworksBuildPhase section */
		A890505423AD340F004D8915 /* Frameworks */ = {
			isa = PBXFrameworksBuildPhase;
			buildActionMask = 2147483647;
			files = (
			);
			runOnlyForDeploymentPostprocessing = 0;
		};
/* End PBXFrameworksBuildPhase section */

/* Begin PBXGroup section */
		32ED854C5AFCC456DB8DD792 /* Pods */ = {
			isa = PBXGroup;
			children = (
				C462EBEBA5A33A81302EB169 /* Pods-Virtual LAB.debug.xcconfig */,
				BB87393DDA31F732DE032152 /* Pods-Virtual LAB.release.xcconfig */,
			);
			path = Pods;
			sourceTree = "<group>";
		};
		A807067B2434FCAB00F3CCA8 /* Navigation */ = {
			isa = PBXGroup;
			children = (
				A8E51DD4240EC49F0097F639 /* ChooseModeViewController.swift */,
				A80F8B7D23AFDE5A000C36C3 /* ChooseThemeViewController.swift */,
			);
			name = Navigation;
			sourceTree = "<group>";
		};
		A807067C2434FCC800F3CCA8 /* FirebaseData */ = {
			isa = PBXGroup;
			children = (
				A8E51DD6240EC4C20097F639 /* AuthorizationViewController.swift */,
				A832E48023C6272C00DD26A3 /* RegistrationViewController.swift */,
				A8C1557823BDBAFC000B8093 /* AdminPanelViewController.swift */,
				A8593F2224389EF30038E750 /* AdminPanelViewControllerExtensions.swift */,
			);
			name = FirebaseData;
			sourceTree = "<group>";
		};
		A807067D2434FD0600F3CCA8 /* Work */ = {
			isa = PBXGroup;
			children = (
				A8E51DDA241003350097F639 /* TheoryViewController.swift */,
				A8123CCF23C9E20100EBC986 /* PrepareForTestViewController.swift */,
				A8204A3E23C89A0900FA70DF /* TestViewController.swift */,
				A82AD0B323CD9EFC00507EEC /* TestResultViewController.swift */,
				A890505C23AD340F004D8915 /* ARDemoViewController.swift */,
				A8CDA3B72439EE5F006A9A59 /* ARHeatExchanger.swift */,
			);
			name = Work;
			sourceTree = "<group>";
		};
		A810DAFA23E3291300F1E109 /* Model */ = {
			isa = PBXGroup;
			children = (
				A8E5DF9A23BA5E4C00F67CCC /* UserModel.swift */,
			);
			name = Model;
			sourceTree = "<group>";
		};
		A81AF83223F2778000B8427F /* Recovered References */ = {
			isa = PBXGroup;
			children = (
				BB29B9964C24BD31C7693A4F /* Pods_Virtual_LAB.framework */,
			);
			name = "Recovered References";
			sourceTree = "<group>";
		};
		A87E76052434918300D977BD /* Screens */ = {
			isa = PBXGroup;
			children = (
				A807067B2434FCAB00F3CCA8 /* Navigation */,
				A807067C2434FCC800F3CCA8 /* FirebaseData */,
				A807067D2434FD0600F3CCA8 /* Work */,
			);
			name = Screens;
			sourceTree = "<group>";
		};
		A87E76072434933F00D977BD /* Extensions */ = {
			isa = PBXGroup;
			children = (
				A812745A2434AD4F00114B12 /* TextField.swift */,
			);
			name = Extensions;
			sourceTree = "<group>";
		};
		A87E76082434936A00D977BD /* Managers */ = {
			isa = PBXGroup;
			children = (
				A8E51DD8240EC53F0097F639 /* FirebaseManager.swift */,
				A8CDA3BB243A010E006A9A59 /* ThemeManager.swift */,
				A8A9283223D732C1002D167F /* RadioButtons.swift */,
				A812745C2434AE1600114B12 /* Segues.swift */,
				A812745E2434B3D600114B12 /* AlertController.swift */,
			);
			name = Managers;
			sourceTree = "<group>";
		};
		A87E7609243493C200D977BD /* Design */ = {
			isa = PBXGroup;
			children = (
				A832E48223C6364F00DD26A3 /* Design.swift */,
				A81274622434B8B000114B12 /* Fonts.swift */,
				A81274602434B69E00114B12 /* NSStringText.swift */,
			);
			name = Design;
			sourceTree = "<group>";
		};
		A889D58623BA28DE00E164B3 /* Supporting files */ = {
			isa = PBXGroup;
			children = (
				A890506323AD3412004D8915 /* Assets.xcassets */,
				A8983A7F23B61F1F00324983 /* Fonts */,
				A88B0309240E3AC20016AA01 /* Coloumn.rcproject */,
				A8CDA3B92439EF4F006A9A59 /* HeatExchanger.rcproject */,
				A890505A23AD340F004D8915 /* AppDelegate.swift */,
				A81274662434C05200114B12 /* WorkSource.swift */,
				A8F1E60023D48B18004FCC41 /* .gitignore */,
				A890506823AD3412004D8915 /* Info.plist */,
				A86B15CA23BA34530075E19A /* GoogleService-Info.plist */,
			);
			name = "Supporting files";
			sourceTree = "<group>";
		};
		A890504E23AD340F004D8915 = {
			isa = PBXGroup;
			children = (
				A890505923AD340F004D8915 /* Virtual LAB */,
				A890505823AD340F004D8915 /* Products */,
				32ED854C5AFCC456DB8DD792 /* Pods */,
				BE01E5ACB02B7B7F2DE349C4 /* Frameworks */,
				A81AF83223F2778000B8427F /* Recovered References */,
			);
			sourceTree = "<group>";
		};
		A890505823AD340F004D8915 /* Products */ = {
			isa = PBXGroup;
			children = (
				A890505723AD340F004D8915 /* Virtual LAB.app */,
			);
			name = Products;
			sourceTree = "<group>";
		};
		A890505923AD340F004D8915 /* Virtual LAB */ = {
			isa = PBXGroup;
			children = (
				A8E5DF9F23BA5E8100F67CCC /* Views */,
				A810DAFA23E3291300F1E109 /* Model */,
				A87E76052434918300D977BD /* Screens */,
				A87E76082434936A00D977BD /* Managers */,
				A87E76072434933F00D977BD /* Extensions */,
				A889D58623BA28DE00E164B3 /* Supporting files */,
			);
			path = "Virtual LAB";
			sourceTree = "<group>";
		};
		A8983A7F23B61F1F00324983 /* Fonts */ = {
			isa = PBXGroup;
			children = (
				A874FF9123C712DA00F66D6C /* SF-Pro-Display-Regular.otf */,
				A8C62F5023B7C5CC0098F892 /* SF-Pro-Display-Light.otf */,
				A8C62F4E23B6261D0098F892 /* Montserrat-ExtraBold.ttf */,
				A828E0B523C831E2009739F2 /* Montserrat-Bold.ttf */,
			);
			name = Fonts;
			sourceTree = "<group>";
		};
		A8E5DF9F23BA5E8100F67CCC /* Views */ = {
			isa = PBXGroup;
			children = (
				A87E7609243493C200D977BD /* Design */,
				A8212F0123AE206E003B9121 /* Main.storyboard */,
				A890506523AD3412004D8915 /* LaunchScreen.storyboard */,
				A810DB1223E5312600F1E109 /* StudentCustomTableViewCell.swift */,
			);
			name = Views;
			sourceTree = "<group>";
		};
		BE01E5ACB02B7B7F2DE349C4 /* Frameworks */ = {
			isa = PBXGroup;
			children = (
				A869058523E5D58F0051D148 /* FBLPromises.framework */,
				A869058223E5D5670051D148 /* FBLPromises.framework */,
				4D8D8C04968C895F391610E3 /* Pods_Virtual_LAB.framework */,
			);
			name = Frameworks;
			sourceTree = "<group>";
		};
/* End PBXGroup section */

/* Begin PBXNativeTarget section */
		A890505623AD340F004D8915 /* Virtual LAB */ = {
			isa = PBXNativeTarget;
			buildConfigurationList = A890508123AD3412004D8915 /* Build configuration list for PBXNativeTarget "Virtual LAB" */;
			buildPhases = (
				31241F093554F12C744DC580 /* [CP] Check Pods Manifest.lock */,
				A890505323AD340F004D8915 /* Sources */,
				A890505423AD340F004D8915 /* Frameworks */,
				A890505523AD340F004D8915 /* Resources */,
				3D8309C4842FC2B17BA6D138 /* [CP] Embed Pods Frameworks */,
			);
			buildRules = (
			);
			dependencies = (
			);
			name = "Virtual LAB";
			productName = "Virtual LAB";
			productReference = A890505723AD340F004D8915 /* Virtual LAB.app */;
			productType = "com.apple.product-type.application";
		};
/* End PBXNativeTarget section */

/* Begin PBXProject section */
		A890504F23AD340F004D8915 /* Project object */ = {
			isa = PBXProject;
			attributes = {
				KnownAssetTags = (
					0,
					1,
					2,
				);
				LastSwiftUpdateCheck = 1130;
				LastUpgradeCheck = 1130;
				ORGANIZATIONNAME = "Alexandr Lazarev";
				TargetAttributes = {
					A890505623AD340F004D8915 = {
						CreatedOnToolsVersion = 11.3;
					};
				};
			};
			buildConfigurationList = A890505223AD340F004D8915 /* Build configuration list for PBXProject "Virtual LAB" */;
			compatibilityVersion = "Xcode 9.3";
			developmentRegion = en;
			hasScannedForEncodings = 0;
			knownRegions = (
				en,
				Base,
			);
			mainGroup = A890504E23AD340F004D8915;
			productRefGroup = A890505823AD340F004D8915 /* Products */;
			projectDirPath = "";
			projectRoot = "";
			targets = (
				A890505623AD340F004D8915 /* Virtual LAB */,
			);
		};
/* End PBXProject section */

/* Begin PBXResourcesBuildPhase section */
		A890505523AD340F004D8915 /* Resources */ = {
			isa = PBXResourcesBuildPhase;
			buildActionMask = 2147483647;
			files = (
				A8212F0323AE206E003B9121 /* Main.storyboard in Resources */,
				A874FF9223C712DA00F66D6C /* SF-Pro-Display-Regular.otf in Resources */,
				A8C62F5123B7C5CC0098F892 /* SF-Pro-Display-Light.otf in Resources */,
				A8C62F4F23B6261D0098F892 /* Montserrat-ExtraBold.ttf in Resources */,
				A828E0B623C831E3009739F2 /* Montserrat-Bold.ttf in Resources */,
				A890506723AD3412004D8915 /* LaunchScreen.storyboard in Resources */,
				A890506423AD3412004D8915 /* Assets.xcassets in Resources */,
				A8F1E60123D48B18004FCC41 /* .gitignore in Resources */,
				A86B15CB23BA34530075E19A /* GoogleService-Info.plist in Resources */,
			);
			runOnlyForDeploymentPostprocessing = 0;
		};
/* End PBXResourcesBuildPhase section */

/* Begin PBXShellScriptBuildPhase section */
		31241F093554F12C744DC580 /* [CP] Check Pods Manifest.lock */ = {
			isa = PBXShellScriptBuildPhase;
			buildActionMask = 2147483647;
			files = (
			);
			inputFileListPaths = (
			);
			inputPaths = (
				"${PODS_PODFILE_DIR_PATH}/Podfile.lock",
				"${PODS_ROOT}/Manifest.lock",
			);
			name = "[CP] Check Pods Manifest.lock";
			outputFileListPaths = (
			);
			outputPaths = (
				"$(DERIVED_FILE_DIR)/Pods-Virtual LAB-checkManifestLockResult.txt",
			);
			runOnlyForDeploymentPostprocessing = 0;
			shellPath = /bin/sh;
			shellScript = "diff \"${PODS_PODFILE_DIR_PATH}/Podfile.lock\" \"${PODS_ROOT}/Manifest.lock\" > /dev/null\nif [ $? != 0 ] ; then\n    # print error to STDERR\n    echo \"error: The sandbox is not in sync with the Podfile.lock. Run 'pod install' or update your CocoaPods installation.\" >&2\n    exit 1\nfi\n# This output is used by Xcode 'outputs' to avoid re-running this script phase.\necho \"SUCCESS\" > \"${SCRIPT_OUTPUT_FILE_0}\"\n";
			showEnvVarsInLog = 0;
		};
		3D8309C4842FC2B17BA6D138 /* [CP] Embed Pods Frameworks */ = {
			isa = PBXShellScriptBuildPhase;
			buildActionMask = 2147483647;
			files = (
			);
			inputFileListPaths = (
				"${PODS_ROOT}/Target Support Files/Pods-Virtual LAB/Pods-Virtual LAB-frameworks-${CONFIGURATION}-input-files.xcfilelist",
			);
			name = "[CP] Embed Pods Frameworks";
			outputFileListPaths = (
				"${PODS_ROOT}/Target Support Files/Pods-Virtual LAB/Pods-Virtual LAB-frameworks-${CONFIGURATION}-output-files.xcfilelist",
			);
			runOnlyForDeploymentPostprocessing = 0;
			shellPath = /bin/sh;
			shellScript = "\"${PODS_ROOT}/Target Support Files/Pods-Virtual LAB/Pods-Virtual LAB-frameworks.sh\"\n";
			showEnvVarsInLog = 0;
		};
/* End PBXShellScriptBuildPhase section */

/* Begin PBXSourcesBuildPhase section */
		A890505323AD340F004D8915 /* Sources */ = {
			isa = PBXSourcesBuildPhase;
			buildActionMask = 2147483647;
			files = (
				A88B030A240E3AC20016AA01 /* Coloumn.rcproject in Sources */,
				A890505D23AD340F004D8915 /* ARDemoViewController.swift in Sources */,
				A82AD0B423CD9EFC00507EEC /* TestResultViewController.swift in Sources */,
				A81274672434C05200114B12 /* WorkSource.swift in Sources */,
				A832E48323C6364F00DD26A3 /* Design.swift in Sources */,
				A812745F2434B3D600114B12 /* AlertController.swift in Sources */,
				A8E51DD9240EC5400097F639 /* FirebaseManager.swift in Sources */,
				A810DB1323E5312700F1E109 /* StudentCustomTableViewCell.swift in Sources */,
				A8E51DD7240EC4C20097F639 /* AuthorizationViewController.swift in Sources */,
				A812745D2434AE1600114B12 /* Segues.swift in Sources */,
				A81274612434B69E00114B12 /* NSStringText.swift in Sources */,
				A81274632434B8B000114B12 /* Fonts.swift in Sources */,
				A8204A3F23C89A0900FA70DF /* TestViewController.swift in Sources */,
				A832E48123C6272C00DD26A3 /* RegistrationViewController.swift in Sources */,
				A8CDA3BC243A010E006A9A59 /* ThemeManager.swift in Sources */,
				A8E5DF9B23BA5E4C00F67CCC /* UserModel.swift in Sources */,
				A8C1557923BDBAFC000B8093 /* AdminPanelViewController.swift in Sources */,
				A812745B2434AD4F00114B12 /* TextField.swift in Sources */,
				A8CDA3B82439EE5F006A9A59 /* ARHeatExchanger.swift in Sources */,
				A890505B23AD340F004D8915 /* AppDelegate.swift in Sources */,
				A8A9283323D732C1002D167F /* RadioButtons.swift in Sources */,
				A8CDA3BA2439EF50006A9A59 /* HeatExchanger.rcproject in Sources */,
				A8593F2324389EF30038E750 /* AdminPanelViewControllerExtensions.swift in Sources */,
				A80F8B7E23AFDE5A000C36C3 /* ChooseThemeViewController.swift in Sources */,
				A8E51DD5240EC4A00097F639 /* ChooseModeViewController.swift in Sources */,
				A8123CD023C9E20100EBC986 /* PrepareForTestViewController.swift in Sources */,
				A8E51DDB241003350097F639 /* TheoryViewController.swift in Sources */,
			);
			runOnlyForDeploymentPostprocessing = 0;
		};
/* End PBXSourcesBuildPhase section */

/* Begin PBXVariantGroup section */
		A8212F0123AE206E003B9121 /* Main.storyboard */ = {
			isa = PBXVariantGroup;
			children = (
				A8212F0223AE206E003B9121 /* Base */,
			);
			name = Main.storyboard;
			sourceTree = "<group>";
		};
		A890506523AD3412004D8915 /* LaunchScreen.storyboard */ = {
			isa = PBXVariantGroup;
			children = (
				A890506623AD3412004D8915 /* Base */,
			);
			name = LaunchScreen.storyboard;
			sourceTree = "<group>";
		};
/* End PBXVariantGroup section */

/* Begin XCBuildConfiguration section */
		A890507F23AD3412004D8915 /* Debug */ = {
			isa = XCBuildConfiguration;
			buildSettings = {
				ALWAYS_SEARCH_USER_PATHS = NO;
				CLANG_ANALYZER_NONNULL = YES;
				CLANG_ANALYZER_NUMBER_OBJECT_CONVERSION = YES_AGGRESSIVE;
				CLANG_CXX_LANGUAGE_STANDARD = "gnu++14";
				CLANG_CXX_LIBRARY = "libc++";
				CLANG_ENABLE_MODULES = YES;
				CLANG_ENABLE_OBJC_ARC = YES;
				CLANG_ENABLE_OBJC_WEAK = YES;
				CLANG_WARN_BLOCK_CAPTURE_AUTORELEASING = YES;
				CLANG_WARN_BOOL_CONVERSION = YES;
				CLANG_WARN_COMMA = YES;
				CLANG_WARN_CONSTANT_CONVERSION = YES;
				CLANG_WARN_DEPRECATED_OBJC_IMPLEMENTATIONS = YES;
				CLANG_WARN_DIRECT_OBJC_ISA_USAGE = YES_ERROR;
				CLANG_WARN_DOCUMENTATION_COMMENTS = YES;
				CLANG_WARN_EMPTY_BODY = YES;
				CLANG_WARN_ENUM_CONVERSION = YES;
				CLANG_WARN_INFINITE_RECURSION = YES;
				CLANG_WARN_INT_CONVERSION = YES;
				CLANG_WARN_NON_LITERAL_NULL_CONVERSION = YES;
				CLANG_WARN_OBJC_IMPLICIT_RETAIN_SELF = YES;
				CLANG_WARN_OBJC_LITERAL_CONVERSION = YES;
				CLANG_WARN_OBJC_ROOT_CLASS = YES_ERROR;
				CLANG_WARN_RANGE_LOOP_ANALYSIS = YES;
				CLANG_WARN_STRICT_PROTOTYPES = YES;
				CLANG_WARN_SUSPICIOUS_MOVE = YES;
				CLANG_WARN_UNGUARDED_AVAILABILITY = YES_AGGRESSIVE;
				CLANG_WARN_UNREACHABLE_CODE = YES;
				CLANG_WARN__DUPLICATE_METHOD_MATCH = YES;
				COPY_PHASE_STRIP = NO;
				DEBUG_INFORMATION_FORMAT = dwarf;
				ENABLE_STRICT_OBJC_MSGSEND = YES;
				ENABLE_TESTABILITY = YES;
				GCC_C_LANGUAGE_STANDARD = gnu11;
				GCC_DYNAMIC_NO_PIC = NO;
				GCC_NO_COMMON_BLOCKS = YES;
				GCC_OPTIMIZATION_LEVEL = 0;
				GCC_PREPROCESSOR_DEFINITIONS = (
					"DEBUG=1",
					"$(inherited)",
				);
				GCC_WARN_64_TO_32_BIT_CONVERSION = YES;
				GCC_WARN_ABOUT_RETURN_TYPE = YES_ERROR;
				GCC_WARN_UNDECLARED_SELECTOR = YES;
				GCC_WARN_UNINITIALIZED_AUTOS = YES_AGGRESSIVE;
				GCC_WARN_UNUSED_FUNCTION = YES;
				GCC_WARN_UNUSED_VARIABLE = YES;
				IPHONEOS_DEPLOYMENT_TARGET = 13.0;
				MTL_ENABLE_DEBUG_INFO = INCLUDE_SOURCE;
				MTL_FAST_MATH = YES;
				ONLY_ACTIVE_ARCH = YES;
				SDKROOT = iphoneos;
				SWIFT_ACTIVE_COMPILATION_CONDITIONS = DEBUG;
				SWIFT_OPTIMIZATION_LEVEL = "-Onone";
			};
			name = Debug;
		};
		A890508023AD3412004D8915 /* Release */ = {
			isa = XCBuildConfiguration;
			buildSettings = {
				ALWAYS_SEARCH_USER_PATHS = NO;
				CLANG_ANALYZER_NONNULL = YES;
				CLANG_ANALYZER_NUMBER_OBJECT_CONVERSION = YES_AGGRESSIVE;
				CLANG_CXX_LANGUAGE_STANDARD = "gnu++14";
				CLANG_CXX_LIBRARY = "libc++";
				CLANG_ENABLE_MODULES = YES;
				CLANG_ENABLE_OBJC_ARC = YES;
				CLANG_ENABLE_OBJC_WEAK = YES;
				CLANG_WARN_BLOCK_CAPTURE_AUTORELEASING = YES;
				CLANG_WARN_BOOL_CONVERSION = YES;
				CLANG_WARN_COMMA = YES;
				CLANG_WARN_CONSTANT_CONVERSION = YES;
				CLANG_WARN_DEPRECATED_OBJC_IMPLEMENTATIONS = YES;
				CLANG_WARN_DIRECT_OBJC_ISA_USAGE = YES_ERROR;
				CLANG_WARN_DOCUMENTATION_COMMENTS = YES;
				CLANG_WARN_EMPTY_BODY = YES;
				CLANG_WARN_ENUM_CONVERSION = YES;
				CLANG_WARN_INFINITE_RECURSION = YES;
				CLANG_WARN_INT_CONVERSION = YES;
				CLANG_WARN_NON_LITERAL_NULL_CONVERSION = YES;
				CLANG_WARN_OBJC_IMPLICIT_RETAIN_SELF = YES;
				CLANG_WARN_OBJC_LITERAL_CONVERSION = YES;
				CLANG_WARN_OBJC_ROOT_CLASS = YES_ERROR;
				CLANG_WARN_RANGE_LOOP_ANALYSIS = YES;
				CLANG_WARN_STRICT_PROTOTYPES = YES;
				CLANG_WARN_SUSPICIOUS_MOVE = YES;
				CLANG_WARN_UNGUARDED_AVAILABILITY = YES_AGGRESSIVE;
				CLANG_WARN_UNREACHABLE_CODE = YES;
				CLANG_WARN__DUPLICATE_METHOD_MATCH = YES;
				COPY_PHASE_STRIP = NO;
				DEBUG_INFORMATION_FORMAT = "dwarf-with-dsym";
				ENABLE_NS_ASSERTIONS = NO;
				ENABLE_STRICT_OBJC_MSGSEND = YES;
				GCC_C_LANGUAGE_STANDARD = gnu11;
				GCC_NO_COMMON_BLOCKS = YES;
				GCC_WARN_64_TO_32_BIT_CONVERSION = YES;
				GCC_WARN_ABOUT_RETURN_TYPE = YES_ERROR;
				GCC_WARN_UNDECLARED_SELECTOR = YES;
				GCC_WARN_UNINITIALIZED_AUTOS = YES_AGGRESSIVE;
				GCC_WARN_UNUSED_FUNCTION = YES;
				GCC_WARN_UNUSED_VARIABLE = YES;
				IPHONEOS_DEPLOYMENT_TARGET = 13.0;
				MTL_ENABLE_DEBUG_INFO = NO;
				MTL_FAST_MATH = YES;
				SDKROOT = iphoneos;
				SWIFT_COMPILATION_MODE = wholemodule;
				SWIFT_OPTIMIZATION_LEVEL = "-O";
				VALIDATE_PRODUCT = YES;
			};
			name = Release;
		};
		A890508223AD3412004D8915 /* Debug */ = {
			isa = XCBuildConfiguration;
			baseConfigurationReference = C462EBEBA5A33A81302EB169 /* Pods-Virtual LAB.debug.xcconfig */;
			buildSettings = {
				ASSETCATALOG_COMPILER_APPICON_NAME = AppIcon;
				CODE_SIGN_STYLE = Automatic;
				CURRENT_PROJECT_VERSION = 6;
				DEVELOPMENT_TEAM = AQL4937GS7;
				INFOPLIST_FILE = "Virtual LAB/Info.plist";
				IPHONEOS_DEPLOYMENT_TARGET = 13.0;
				LD_RUNPATH_SEARCH_PATHS = (
					"$(inherited)",
					"@executable_path/Frameworks",
				);
				PRODUCT_BUNDLE_IDENTIFIER = ru.spmi.virtuallab;
				PRODUCT_NAME = "$(TARGET_NAME)";
				SWIFT_VERSION = 5.0;
				TARGETED_DEVICE_FAMILY = 1;
			};
			name = Debug;
		};
		A890508323AD3412004D8915 /* Release */ = {
			isa = XCBuildConfiguration;
			baseConfigurationReference = BB87393DDA31F732DE032152 /* Pods-Virtual LAB.release.xcconfig */;
			buildSettings = {
				ASSETCATALOG_COMPILER_APPICON_NAME = AppIcon;
				CODE_SIGN_STYLE = Automatic;
				CURRENT_PROJECT_VERSION = 6;
				DEVELOPMENT_TEAM = AQL4937GS7;
				INFOPLIST_FILE = "Virtual LAB/Info.plist";
				IPHONEOS_DEPLOYMENT_TARGET = 13.0;
				LD_RUNPATH_SEARCH_PATHS = (
					"$(inherited)",
					"@executable_path/Frameworks",
				);
				PRODUCT_BUNDLE_IDENTIFIER = ru.spmi.virtuallab;
				PRODUCT_NAME = "$(TARGET_NAME)";
				SWIFT_VERSION = 5.0;
				TARGETED_DEVICE_FAMILY = 1;
			};
			name = Release;
		};
/* End XCBuildConfiguration section */

/* Begin XCConfigurationList section */
		A890505223AD340F004D8915 /* Build configuration list for PBXProject "Virtual LAB" */ = {
			isa = XCConfigurationList;
			buildConfigurations = (
				A890507F23AD3412004D8915 /* Debug */,
				A890508023AD3412004D8915 /* Release */,
			);
			defaultConfigurationIsVisible = 0;
			defaultConfigurationName = Release;
		};
		A890508123AD3412004D8915 /* Build configuration list for PBXNativeTarget "Virtual LAB" */ = {
			isa = XCConfigurationList;
			buildConfigurations = (
				A890508223AD3412004D8915 /* Debug */,
				A890508323AD3412004D8915 /* Release */,
			);
			defaultConfigurationIsVisible = 0;
			defaultConfigurationName = Release;
		};
/* End XCConfigurationList section */
	};
	rootObject = A890504F23AD340F004D8915 /* Project object */;
}
